// !$*UTF8*$!
{
	archiveVersion = 1;
	classes = {
	};
	objectVersion = 56;
	objects = {

/* Begin PBXBuildFile section */
		982AB69B2AB2D6BE008BD9C3 /* PeerConnection.swift in Sources */ = {isa = PBXBuildFile; fileRef = 982AB6992AB2D6BE008BD9C3 /* PeerConnection.swift */; };
		982AB69C2AB2D6BF008BD9C3 /* PeerListener.swift in Sources */ = {isa = PBXBuildFile; fileRef = 982AB69A2AB2D6BE008BD9C3 /* PeerListener.swift */; };
		983359012B3A598200DBAAE1 /* READMEjp.md in Resources */ = {isa = PBXBuildFile; fileRef = 983358FE2B3A598200DBAAE1 /* READMEjp.md */; };
		983359022B3A598200DBAAE1 /* LICENSE in Resources */ = {isa = PBXBuildFile; fileRef = 983358FF2B3A598200DBAAE1 /* LICENSE */; };
		983359032B3A598200DBAAE1 /* README.md in Resources */ = {isa = PBXBuildFile; fileRef = 983359002B3A598200DBAAE1 /* README.md */; };
		983592792B2AD143004FE940 /* OverlayNetworkBinaryAddress.swift in Sources */ = {isa = PBXBuildFile; fileRef = 983592782B2AD143004FE940 /* OverlayNetworkBinaryAddress.swift */; };
		98675B7F2AA8754C00078C3D /* Date+.swift in Sources */ = {isa = PBXBuildFile; fileRef = 98675B7E2AA8754C00078C3D /* Date+.swift */; };
		986A3EA12B2C09E5004D285D /* OverlayNetworkAddressAsHexString.swift in Sources */ = {isa = PBXBuildFile; fileRef = 986A3EA02B2C09E5004D285D /* OverlayNetworkAddressAsHexString.swift */; };
		986A891D2A8C4EDF00EA216C /* overlayNetwork.docc in Sources */ = {isa = PBXBuildFile; fileRef = 986A891C2A8C4EDF00EA216C /* overlayNetwork.docc */; };
		986A891E2A8C4EDF00EA216C /* overlayNetwork.h in Headers */ = {isa = PBXBuildFile; fileRef = 986A891B2A8C4EDF00EA216C /* overlayNetwork.h */; settings = {ATTRIBUTES = (Public, ); }; };
		986A89392A8C51A000EA216C /* Dht.swift in Sources */ = {isa = PBXBuildFile; fileRef = 986A89342A8C51A000EA216C /* Dht.swift */; };
		986A893A2A8C51A000EA216C /* AcceptStreaming.swift in Sources */ = {isa = PBXBuildFile; fileRef = 986A89352A8C51A000EA216C /* AcceptStreaming.swift */; };
		986A893B2A8C51A000EA216C /* IpaddressV4.swift in Sources */ = {isa = PBXBuildFile; fileRef = 986A89362A8C51A000EA216C /* IpaddressV4.swift */; };
		986A893C2A8C51A000EA216C /* Streaming.swift in Sources */ = {isa = PBXBuildFile; fileRef = 986A89372A8C51A000EA216C /* Streaming.swift */; };
		986A893D2A8C51A000EA216C /* Finger.swift in Sources */ = {isa = PBXBuildFile; fileRef = 986A89382A8C51A000EA216C /* Finger.swift */; };
		986A89412A8C51CC00EA216C /* Log.swift in Sources */ = {isa = PBXBuildFile; fileRef = 986A893E2A8C51CC00EA216C /* Log.swift */; };
		986A89422A8C51CC00EA216C /* Dns.h in Headers */ = {isa = PBXBuildFile; fileRef = 986A893F2A8C51CC00EA216C /* Dns.h */; settings = {ATTRIBUTES = (Public, ); }; };
		986A89432A8C51CC00EA216C /* Dns.mm in Sources */ = {isa = PBXBuildFile; fileRef = 986A89402A8C51CC00EA216C /* Dns.mm */; };
		986A89452A8C52D200EA216C /* Node.swift in Sources */ = {isa = PBXBuildFile; fileRef = 986A89442A8C52D200EA216C /* Node.swift */; };
		986A894B2A8C534C00EA216C /* String+.swift in Sources */ = {isa = PBXBuildFile; fileRef = 986A89472A8C534C00EA216C /* String+.swift */; };
		986A894C2A8C534C00EA216C /* Stream+.swift in Sources */ = {isa = PBXBuildFile; fileRef = 986A89482A8C534C00EA216C /* Stream+.swift */; };
		986A894E2A8C534C00EA216C /* Data+.swift in Sources */ = {isa = PBXBuildFile; fileRef = 986A894A2A8C534C00EA216C /* Data+.swift */; };
		986A89512A8C545500EA216C /* Queue.swift in Sources */ = {isa = PBXBuildFile; fileRef = 986A894F2A8C545500EA216C /* Queue.swift */; };
		986A89522A8C545500EA216C /* Command.swift in Sources */ = {isa = PBXBuildFile; fileRef = 986A89502A8C545500EA216C /* Command.swift */; };
		986A89562A8C5B6300EA216C /* Resource.swift in Sources */ = {isa = PBXBuildFile; fileRef = 986A89552A8C5B6300EA216C /* Resource.swift */; };
		986A89582A8C5C0E00EA216C /* Time.swift in Sources */ = {isa = PBXBuildFile; fileRef = 986A89572A8C5C0E00EA216C /* Time.swift */; };
/* End PBXBuildFile section */

/* Begin PBXFileReference section */
		982AB6992AB2D6BE008BD9C3 /* PeerConnection.swift */ = {isa = PBXFileReference; lastKnownFileType = sourcecode.swift; path = PeerConnection.swift; sourceTree = "<group>"; };
		982AB69A2AB2D6BE008BD9C3 /* PeerListener.swift */ = {isa = PBXFileReference; lastKnownFileType = sourcecode.swift; path = PeerListener.swift; sourceTree = "<group>"; };
		983358FE2B3A598200DBAAE1 /* READMEjp.md */ = {isa = PBXFileReference; fileEncoding = 4; lastKnownFileType = net.daringfireball.markdown; path = READMEjp.md; sourceTree = SOURCE_ROOT; };
		983358FF2B3A598200DBAAE1 /* LICENSE */ = {isa = PBXFileReference; fileEncoding = 4; lastKnownFileType = text; path = LICENSE; sourceTree = SOURCE_ROOT; };
		983359002B3A598200DBAAE1 /* README.md */ = {isa = PBXFileReference; fileEncoding = 4; lastKnownFileType = net.daringfireball.markdown; path = README.md; sourceTree = SOURCE_ROOT; };
		983592782B2AD143004FE940 /* OverlayNetworkBinaryAddress.swift */ = {isa = PBXFileReference; lastKnownFileType = sourcecode.swift; name = OverlayNetworkBinaryAddress.swift; path = ../../OverlayNetworkBinaryAddress.swift; sourceTree = "<group>"; };
		98675B7E2AA8754C00078C3D /* Date+.swift */ = {isa = PBXFileReference; lastKnownFileType = sourcecode.swift; path = "Date+.swift"; sourceTree = "<group>"; };
		986A3EA02B2C09E5004D285D /* OverlayNetworkAddressAsHexString.swift */ = {isa = PBXFileReference; lastKnownFileType = sourcecode.swift; path = OverlayNetworkAddressAsHexString.swift; sourceTree = "<group>"; };
		986A89182A8C4EDF00EA216C /* overlayNetwork.framework */ = {isa = PBXFileReference; explicitFileType = wrapper.framework; includeInIndex = 0; path = overlayNetwork.framework; sourceTree = BUILT_PRODUCTS_DIR; };
		986A891B2A8C4EDF00EA216C /* overlayNetwork.h */ = {isa = PBXFileReference; lastKnownFileType = sourcecode.c.h; path = overlayNetwork.h; sourceTree = "<group>"; };
		986A891C2A8C4EDF00EA216C /* overlayNetwork.docc */ = {isa = PBXFileReference; lastKnownFileType = folder.documentationcatalog; path = overlayNetwork.docc; sourceTree = "<group>"; };
		986A89342A8C51A000EA216C /* Dht.swift */ = {isa = PBXFileReference; fileEncoding = 4; lastKnownFileType = sourcecode.swift; path = Dht.swift; sourceTree = "<group>"; };
		986A89352A8C51A000EA216C /* AcceptStreaming.swift */ = {isa = PBXFileReference; fileEncoding = 4; lastKnownFileType = sourcecode.swift; path = AcceptStreaming.swift; sourceTree = "<group>"; };
		986A89362A8C51A000EA216C /* IpaddressV4.swift */ = {isa = PBXFileReference; fileEncoding = 4; lastKnownFileType = sourcecode.swift; path = IpaddressV4.swift; sourceTree = "<group>"; };
		986A89372A8C51A000EA216C /* Streaming.swift */ = {isa = PBXFileReference; fileEncoding = 4; lastKnownFileType = sourcecode.swift; path = Streaming.swift; sourceTree = "<group>"; };
		986A89382A8C51A000EA216C /* Finger.swift */ = {isa = PBXFileReference; fileEncoding = 4; lastKnownFileType = sourcecode.swift; path = Finger.swift; sourceTree = "<group>"; };
		986A893E2A8C51CC00EA216C /* Log.swift */ = {isa = PBXFileReference; fileEncoding = 4; lastKnownFileType = sourcecode.swift; path = Log.swift; sourceTree = "<group>"; };
		986A893F2A8C51CC00EA216C /* Dns.h */ = {isa = PBXFileReference; fileEncoding = 4; lastKnownFileType = sourcecode.c.h; path = Dns.h; sourceTree = "<group>"; };
		986A89402A8C51CC00EA216C /* Dns.mm */ = {isa = PBXFileReference; fileEncoding = 4; lastKnownFileType = sourcecode.cpp.objcpp; path = Dns.mm; sourceTree = "<group>"; };
		986A89442A8C52D200EA216C /* Node.swift */ = {isa = PBXFileReference; fileEncoding = 4; lastKnownFileType = sourcecode.swift; path = Node.swift; sourceTree = "<group>"; };
		986A89472A8C534C00EA216C /* String+.swift */ = {isa = PBXFileReference; fileEncoding = 4; lastKnownFileType = sourcecode.swift; path = "String+.swift"; sourceTree = "<group>"; };
		986A89482A8C534C00EA216C /* Stream+.swift */ = {isa = PBXFileReference; fileEncoding = 4; lastKnownFileType = sourcecode.swift; path = "Stream+.swift"; sourceTree = "<group>"; };
		986A894A2A8C534C00EA216C /* Data+.swift */ = {isa = PBXFileReference; fileEncoding = 4; lastKnownFileType = sourcecode.swift; path = "Data+.swift"; sourceTree = "<group>"; };
		986A894F2A8C545500EA216C /* Queue.swift */ = {isa = PBXFileReference; fileEncoding = 4; lastKnownFileType = sourcecode.swift; path = Queue.swift; sourceTree = "<group>"; };
		986A89502A8C545500EA216C /* Command.swift */ = {isa = PBXFileReference; fileEncoding = 4; lastKnownFileType = sourcecode.swift; path = Command.swift; sourceTree = "<group>"; };
		986A89552A8C5B6300EA216C /* Resource.swift */ = {isa = PBXFileReference; fileEncoding = 4; lastKnownFileType = sourcecode.swift; path = Resource.swift; sourceTree = "<group>"; };
		986A89572A8C5C0E00EA216C /* Time.swift */ = {isa = PBXFileReference; fileEncoding = 4; lastKnownFileType = sourcecode.swift; path = Time.swift; sourceTree = "<group>"; };
/* End PBXFileReference section */

/* Begin PBXFrameworksBuildPhase section */
		986A89152A8C4EDF00EA216C /* Frameworks */ = {
			isa = PBXFrameworksBuildPhase;
			buildActionMask = 2147483647;
			files = (
			);
			runOnlyForDeploymentPostprocessing = 0;
		};
/* End PBXFrameworksBuildPhase section */

/* Begin PBXGroup section */
		986A890E2A8C4EDF00EA216C = {
			isa = PBXGroup;
			children = (
				986A891A2A8C4EDF00EA216C /* overlayNetwork */,
				986A89192A8C4EDF00EA216C /* Products */,
			);
			sourceTree = "<group>";
		};
		986A89192A8C4EDF00EA216C /* Products */ = {
			isa = PBXGroup;
			children = (
				986A89182A8C4EDF00EA216C /* overlayNetwork.framework */,
			);
			name = Products;
			sourceTree = "<group>";
		};
		986A891A2A8C4EDF00EA216C /* overlayNetwork */ = {
			isa = PBXGroup;
			children = (
				983358FF2B3A598200DBAAE1 /* LICENSE */,
				983359002B3A598200DBAAE1 /* README.md */,
				983358FE2B3A598200DBAAE1 /* READMEjp.md */,
				986A89332A8C511C00EA216C /* DomainService */,
				986A89322A8C510800EA216C /* Domain */,
				986A891B2A8C4EDF00EA216C /* overlayNetwork.h */,
				986A891C2A8C4EDF00EA216C /* overlayNetwork.docc */,
			);
			path = overlayNetwork;
			sourceTree = "<group>";
		};
		986A89322A8C510800EA216C /* Domain */ = {
			isa = PBXGroup;
			children = (
				986A89462A8C533300EA216C /* Extension */,
				986A89442A8C52D200EA216C /* Node.swift */,
				983592782B2AD143004FE940 /* OverlayNetworkBinaryAddress.swift */,
				982AB6992AB2D6BE008BD9C3 /* PeerConnection.swift */,
				982AB69A2AB2D6BE008BD9C3 /* PeerListener.swift */,
				986A89572A8C5C0E00EA216C /* Time.swift */,
				986A89552A8C5B6300EA216C /* Resource.swift */,
				986A89502A8C545500EA216C /* Command.swift */,
				986A894F2A8C545500EA216C /* Queue.swift */,
				986A89342A8C51A000EA216C /* Dht.swift */,
				986A89362A8C51A000EA216C /* IpaddressV4.swift */,
				986A89382A8C51A000EA216C /* Finger.swift */,
				986A89372A8C51A000EA216C /* Streaming.swift */,
				986A89352A8C51A000EA216C /* AcceptStreaming.swift */,
				986A3EA02B2C09E5004D285D /* OverlayNetworkAddressAsHexString.swift */,
			);
			path = Domain;
			sourceTree = "<group>";
		};
		986A89332A8C511C00EA216C /* DomainService */ = {
			isa = PBXGroup;
			children = (
				986A893F2A8C51CC00EA216C /* Dns.h */,
				986A893E2A8C51CC00EA216C /* Log.swift */,
				986A89402A8C51CC00EA216C /* Dns.mm */,
			);
			path = DomainService;
			sourceTree = "<group>";
		};
		986A89462A8C533300EA216C /* Extension */ = {
			isa = PBXGroup;
			children = (
				986A894A2A8C534C00EA216C /* Data+.swift */,
				986A89472A8C534C00EA216C /* String+.swift */,
				986A89482A8C534C00EA216C /* Stream+.swift */,
				98675B7E2AA8754C00078C3D /* Date+.swift */,
			);
			path = Extension;
			sourceTree = "<group>";
		};
/* End PBXGroup section */

/* Begin PBXHeadersBuildPhase section */
		986A89132A8C4EDF00EA216C /* Headers */ = {
			isa = PBXHeadersBuildPhase;
			buildActionMask = 2147483647;
			files = (
				986A89422A8C51CC00EA216C /* Dns.h in Headers */,
				986A891E2A8C4EDF00EA216C /* overlayNetwork.h in Headers */,
			);
			runOnlyForDeploymentPostprocessing = 0;
		};
/* End PBXHeadersBuildPhase section */

/* Begin PBXNativeTarget section */
		986A89172A8C4EDF00EA216C /* overlayNetwork */ = {
			isa = PBXNativeTarget;
			buildConfigurationList = 986A89212A8C4EDF00EA216C /* Build configuration list for PBXNativeTarget "overlayNetwork" */;
			buildPhases = (
				986A89132A8C4EDF00EA216C /* Headers */,
				986A89142A8C4EDF00EA216C /* Sources */,
				986A89152A8C4EDF00EA216C /* Frameworks */,
				986A89162A8C4EDF00EA216C /* Resources */,
			);
			buildRules = (
			);
			dependencies = (
			);
			name = overlayNetwork;
			productName = overlayNetwork;
			productReference = 986A89182A8C4EDF00EA216C /* overlayNetwork.framework */;
			productType = "com.apple.product-type.framework";
		};
/* End PBXNativeTarget section */

/* Begin PBXProject section */
		986A890F2A8C4EDF00EA216C /* Project object */ = {
			isa = PBXProject;
			attributes = {
				BuildIndependentTargetsInParallel = 1;
				LastUpgradeCheck = 1430;
				TargetAttributes = {
					986A89172A8C4EDF00EA216C = {
						CreatedOnToolsVersion = 14.3;
					};
				};
			};
			buildConfigurationList = 986A89122A8C4EDF00EA216C /* Build configuration list for PBXProject "overlayNetwork" */;
			compatibilityVersion = "Xcode 14.0";
			developmentRegion = en;
			hasScannedForEncodings = 0;
			knownRegions = (
				en,
				Base,
			);
			mainGroup = 986A890E2A8C4EDF00EA216C;
			productRefGroup = 986A89192A8C4EDF00EA216C /* Products */;
			projectDirPath = "";
			projectRoot = "";
			targets = (
				986A89172A8C4EDF00EA216C /* overlayNetwork */,
			);
		};
/* End PBXProject section */

/* Begin PBXResourcesBuildPhase section */
		986A89162A8C4EDF00EA216C /* Resources */ = {
			isa = PBXResourcesBuildPhase;
			buildActionMask = 2147483647;
			files = (
				983359032B3A598200DBAAE1 /* README.md in Resources */,
				983359022B3A598200DBAAE1 /* LICENSE in Resources */,
				983359012B3A598200DBAAE1 /* READMEjp.md in Resources */,
			);
			runOnlyForDeploymentPostprocessing = 0;
		};
/* End PBXResourcesBuildPhase section */

/* Begin PBXSourcesBuildPhase section */
		986A89142A8C4EDF00EA216C /* Sources */ = {
			isa = PBXSourcesBuildPhase;
			buildActionMask = 2147483647;
			files = (
				983592792B2AD143004FE940 /* OverlayNetworkBinaryAddress.swift in Sources */,
				982AB69B2AB2D6BE008BD9C3 /* PeerConnection.swift in Sources */,
				982AB69C2AB2D6BF008BD9C3 /* PeerListener.swift in Sources */,
				986A893C2A8C51A000EA216C /* Streaming.swift in Sources */,
				986A89562A8C5B6300EA216C /* Resource.swift in Sources */,
				986A89512A8C545500EA216C /* Queue.swift in Sources */,
				986A894C2A8C534C00EA216C /* Stream+.swift in Sources */,
				986A89412A8C51CC00EA216C /* Log.swift in Sources */,
				986A89582A8C5C0E00EA216C /* Time.swift in Sources */,
				986A894E2A8C534C00EA216C /* Data+.swift in Sources */,
				986A894B2A8C534C00EA216C /* String+.swift in Sources */,
				986A89392A8C51A000EA216C /* Dht.swift in Sources */,
				98675B7F2AA8754C00078C3D /* Date+.swift in Sources */,
				986A89452A8C52D200EA216C /* Node.swift in Sources */,
				986A89522A8C545500EA216C /* Command.swift in Sources */,
				986A89432A8C51CC00EA216C /* Dns.mm in Sources */,
				986A893B2A8C51A000EA216C /* IpaddressV4.swift in Sources */,
				986A891D2A8C4EDF00EA216C /* overlayNetwork.docc in Sources */,
				986A3EA12B2C09E5004D285D /* OverlayNetworkAddressAsHexString.swift in Sources */,
				986A893D2A8C51A000EA216C /* Finger.swift in Sources */,
				986A893A2A8C51A000EA216C /* AcceptStreaming.swift in Sources */,
			);
			runOnlyForDeploymentPostprocessing = 0;
		};
/* End PBXSourcesBuildPhase section */

/* Begin XCBuildConfiguration section */
		986A891F2A8C4EDF00EA216C /* Debug */ = {
			isa = XCBuildConfiguration;
			buildSettings = {
				ALWAYS_SEARCH_USER_PATHS = NO;
				CLANG_ANALYZER_NONNULL = YES;
				CLANG_ANALYZER_NUMBER_OBJECT_CONVERSION = YES_AGGRESSIVE;
				CLANG_CXX_LANGUAGE_STANDARD = "gnu++20";
				CLANG_ENABLE_MODULES = YES;
				CLANG_ENABLE_OBJC_ARC = YES;
				CLANG_ENABLE_OBJC_WEAK = YES;
				CLANG_WARN_BLOCK_CAPTURE_AUTORELEASING = YES;
				CLANG_WARN_BOOL_CONVERSION = YES;
				CLANG_WARN_COMMA = YES;
				CLANG_WARN_CONSTANT_CONVERSION = YES;
				CLANG_WARN_DEPRECATED_OBJC_IMPLEMENTATIONS = YES;
				CLANG_WARN_DIRECT_OBJC_ISA_USAGE = YES_ERROR;
				CLANG_WARN_DOCUMENTATION_COMMENTS = YES;
				CLANG_WARN_EMPTY_BODY = YES;
				CLANG_WARN_ENUM_CONVERSION = YES;
				CLANG_WARN_INFINITE_RECURSION = YES;
				CLANG_WARN_INT_CONVERSION = YES;
				CLANG_WARN_NON_LITERAL_NULL_CONVERSION = YES;
				CLANG_WARN_OBJC_IMPLICIT_RETAIN_SELF = YES;
				CLANG_WARN_OBJC_LITERAL_CONVERSION = YES;
				CLANG_WARN_OBJC_ROOT_CLASS = YES_ERROR;
				CLANG_WARN_QUOTED_INCLUDE_IN_FRAMEWORK_HEADER = YES;
				CLANG_WARN_RANGE_LOOP_ANALYSIS = YES;
				CLANG_WARN_STRICT_PROTOTYPES = YES;
				CLANG_WARN_SUSPICIOUS_MOVE = YES;
				CLANG_WARN_UNGUARDED_AVAILABILITY = YES_AGGRESSIVE;
				CLANG_WARN_UNREACHABLE_CODE = YES;
				CLANG_WARN__DUPLICATE_METHOD_MATCH = YES;
				COPY_PHASE_STRIP = NO;
				CURRENT_PROJECT_VERSION = 1;
				DEBUG_INFORMATION_FORMAT = dwarf;
				ENABLE_STRICT_OBJC_MSGSEND = YES;
				ENABLE_TESTABILITY = YES;
				GCC_C_LANGUAGE_STANDARD = gnu11;
				GCC_DYNAMIC_NO_PIC = NO;
				GCC_NO_COMMON_BLOCKS = YES;
				GCC_OPTIMIZATION_LEVEL = 0;
				GCC_PREPROCESSOR_DEFINITIONS = (
					"DEBUG=1",
					"$(inherited)",
				);
				GCC_WARN_64_TO_32_BIT_CONVERSION = YES;
				GCC_WARN_ABOUT_RETURN_TYPE = YES_ERROR;
				GCC_WARN_UNDECLARED_SELECTOR = YES;
				GCC_WARN_UNINITIALIZED_AUTOS = YES_AGGRESSIVE;
				GCC_WARN_UNUSED_FUNCTION = YES;
				GCC_WARN_UNUSED_VARIABLE = YES;
				IPHONEOS_DEPLOYMENT_TARGET = 15.0;
				MTL_ENABLE_DEBUG_INFO = INCLUDE_SOURCE;
				MTL_FAST_MATH = YES;
				ONLY_ACTIVE_ARCH = YES;
				SDKROOT = iphoneos;
				SWIFT_ACTIVE_COMPILATION_CONDITIONS = DEBUG;
				SWIFT_OPTIMIZATION_LEVEL = "-Onone";
				VERSIONING_SYSTEM = "apple-generic";
				VERSION_INFO_PREFIX = "";
			};
			name = Debug;
		};
		986A89202A8C4EDF00EA216C /* Release */ = {
			isa = XCBuildConfiguration;
			buildSettings = {
				ALWAYS_SEARCH_USER_PATHS = NO;
				CLANG_ANALYZER_NONNULL = YES;
				CLANG_ANALYZER_NUMBER_OBJECT_CONVERSION = YES_AGGRESSIVE;
				CLANG_CXX_LANGUAGE_STANDARD = "gnu++20";
				CLANG_ENABLE_MODULES = YES;
				CLANG_ENABLE_OBJC_ARC = YES;
				CLANG_ENABLE_OBJC_WEAK = YES;
				CLANG_WARN_BLOCK_CAPTURE_AUTORELEASING = YES;
				CLANG_WARN_BOOL_CONVERSION = YES;
				CLANG_WARN_COMMA = YES;
				CLANG_WARN_CONSTANT_CONVERSION = YES;
				CLANG_WARN_DEPRECATED_OBJC_IMPLEMENTATIONS = YES;
				CLANG_WARN_DIRECT_OBJC_ISA_USAGE = YES_ERROR;
				CLANG_WARN_DOCUMENTATION_COMMENTS = YES;
				CLANG_WARN_EMPTY_BODY = YES;
				CLANG_WARN_ENUM_CONVERSION = YES;
				CLANG_WARN_INFINITE_RECURSION = YES;
				CLANG_WARN_INT_CONVERSION = YES;
				CLANG_WARN_NON_LITERAL_NULL_CONVERSION = YES;
				CLANG_WARN_OBJC_IMPLICIT_RETAIN_SELF = YES;
				CLANG_WARN_OBJC_LITERAL_CONVERSION = YES;
				CLANG_WARN_OBJC_ROOT_CLASS = YES_ERROR;
				CLANG_WARN_QUOTED_INCLUDE_IN_FRAMEWORK_HEADER = YES;
				CLANG_WARN_RANGE_LOOP_ANALYSIS = YES;
				CLANG_WARN_STRICT_PROTOTYPES = YES;
				CLANG_WARN_SUSPICIOUS_MOVE = YES;
				CLANG_WARN_UNGUARDED_AVAILABILITY = YES_AGGRESSIVE;
				CLANG_WARN_UNREACHABLE_CODE = YES;
				CLANG_WARN__DUPLICATE_METHOD_MATCH = YES;
				COPY_PHASE_STRIP = NO;
				CURRENT_PROJECT_VERSION = 1;
				DEBUG_INFORMATION_FORMAT = "dwarf-with-dsym";
				ENABLE_NS_ASSERTIONS = NO;
				ENABLE_STRICT_OBJC_MSGSEND = YES;
				GCC_C_LANGUAGE_STANDARD = gnu11;
				GCC_NO_COMMON_BLOCKS = YES;
				GCC_WARN_64_TO_32_BIT_CONVERSION = YES;
				GCC_WARN_ABOUT_RETURN_TYPE = YES_ERROR;
				GCC_WARN_UNDECLARED_SELECTOR = YES;
				GCC_WARN_UNINITIALIZED_AUTOS = YES_AGGRESSIVE;
				GCC_WARN_UNUSED_FUNCTION = YES;
				GCC_WARN_UNUSED_VARIABLE = YES;
				IPHONEOS_DEPLOYMENT_TARGET = 15.0;
				MTL_ENABLE_DEBUG_INFO = NO;
				MTL_FAST_MATH = YES;
				SDKROOT = iphoneos;
				SWIFT_COMPILATION_MODE = wholemodule;
				SWIFT_OPTIMIZATION_LEVEL = "-O";
				VALIDATE_PRODUCT = YES;
				VERSIONING_SYSTEM = "apple-generic";
				VERSION_INFO_PREFIX = "";
			};
			name = Release;
		};
		986A89222A8C4EDF00EA216C /* Debug */ = {
			isa = XCBuildConfiguration;
			buildSettings = {
				CLANG_WARN_QUOTED_INCLUDE_IN_FRAMEWORK_HEADER = YES;
				CODE_SIGN_STYLE = Automatic;
				CURRENT_PROJECT_VERSION = "0.1 Alpha";
				DEFINES_MODULE = YES;
				DEVELOPMENT_TEAM = 8GS35C2LU7;
				DYLIB_COMPATIBILITY_VERSION = 1;
				DYLIB_CURRENT_VERSION = 1;
				DYLIB_INSTALL_NAME_BASE = "@rpath";
				ENABLE_MODULE_VERIFIER = YES;
				GENERATE_INFOPLIST_FILE = YES;
				INFOPLIST_KEY_NSHumanReadableCopyright = "";
				INSTALL_PATH = "$(LOCAL_LIBRARY_DIR)/Frameworks";
				IPHONEOS_DEPLOYMENT_TARGET = 15.0;
				LD_RUNPATH_SEARCH_PATHS = (
					"$(inherited)",
					"@executable_path/Frameworks",
					"@loader_path/Frameworks",
				);
				MARKETING_VERSION = "0.1 Alpha";
				MODULE_VERIFIER_SUPPORTED_LANGUAGES = "objective-c objective-c++";
				MODULE_VERIFIER_SUPPORTED_LANGUAGE_STANDARDS = "gnu11 gnu++20";
				OTHER_LDFLAGS = (
					"-l",
					resolv,
				);
				PRODUCT_BUNDLE_IDENTIFIER = org.webbanana.overlayNetwork;
				PRODUCT_NAME = "$(TARGET_NAME:c99extidentifier)";
				SKIP_INSTALL = YES;
				SUPPORTED_PLATFORMS = "iphoneos iphonesimulator";
				SUPPORTS_MACCATALYST = YES;
				SUPPORTS_MAC_DESIGNED_FOR_IPHONE_IPAD = YES;
				SWIFT_EMIT_LOC_STRINGS = YES;
				SWIFT_VERSION = 5.0;
				TARGETED_DEVICE_FAMILY = "1,2";
			};
			name = Debug;
		};
		986A89232A8C4EDF00EA216C /* Release */ = {
			isa = XCBuildConfiguration;
			buildSettings = {
				CLANG_WARN_QUOTED_INCLUDE_IN_FRAMEWORK_HEADER = YES;
				CODE_SIGN_STYLE = Automatic;
				CURRENT_PROJECT_VERSION = "0.1 Alpha";
				DEFINES_MODULE = YES;
				DEVELOPMENT_TEAM = 8GS35C2LU7;
				DYLIB_COMPATIBILITY_VERSION = 1;
				DYLIB_CURRENT_VERSION = 1;
				DYLIB_INSTALL_NAME_BASE = "@rpath";
				ENABLE_MODULE_VERIFIER = YES;
				GENERATE_INFOPLIST_FILE = YES;
				INFOPLIST_KEY_NSHumanReadableCopyright = "";
				INSTALL_PATH = "$(LOCAL_LIBRARY_DIR)/Frameworks";
				IPHONEOS_DEPLOYMENT_TARGET = 15.0;
				LD_RUNPATH_SEARCH_PATHS = (
					"$(inherited)",
					"@executable_path/Frameworks",
					"@loader_path/Frameworks",
				);
				MARKETING_VERSION = "0.1 Alpha";
				MODULE_VERIFIER_SUPPORTED_LANGUAGES = "objective-c objective-c++";
				MODULE_VERIFIER_SUPPORTED_LANGUAGE_STANDARDS = "gnu11 gnu++20";
				OTHER_LDFLAGS = (
					"-l",
					resolv,
				);
				PRODUCT_BUNDLE_IDENTIFIER = org.webbanana.overlayNetwork;
				PRODUCT_NAME = "$(TARGET_NAME:c99extidentifier)";
				SKIP_INSTALL = YES;
				SUPPORTED_PLATFORMS = "iphoneos iphonesimulator";
				SUPPORTS_MACCATALYST = YES;
				SUPPORTS_MAC_DESIGNED_FOR_IPHONE_IPAD = YES;
				SWIFT_EMIT_LOC_STRINGS = YES;
				SWIFT_VERSION = 5.0;
				TARGETED_DEVICE_FAMILY = "1,2";
			};
			name = Release;
		};
/* End XCBuildConfiguration section */

/* Begin XCConfigurationList section */
		986A89122A8C4EDF00EA216C /* Build configuration list for PBXProject "overlayNetwork" */ = {
			isa = XCConfigurationList;
			buildConfigurations = (
				986A891F2A8C4EDF00EA216C /* Debug */,
				986A89202A8C4EDF00EA216C /* Release */,
			);
			defaultConfigurationIsVisible = 0;
			defaultConfigurationName = Release;
		};
		986A89212A8C4EDF00EA216C /* Build configuration list for PBXNativeTarget "overlayNetwork" */ = {
			isa = XCConfigurationList;
			buildConfigurations = (
				986A89222A8C4EDF00EA216C /* Debug */,
				986A89232A8C4EDF00EA216C /* Release */,
			);
			defaultConfigurationIsVisible = 0;
			defaultConfigurationName = Release;
		};
/* End XCConfigurationList section */
	};
	rootObject = 986A890F2A8C4EDF00EA216C /* Project object */;
}
